github.com/hugomods/images v0.8.3 h1:tvccLmr4ydDw2rWtfRJUuXbDMYzoK9eB2HRTfVFi8to=
github.com/hugomods/images v0.8.3/go.mod h1:U6Gwj16LKvk66rOMyGFrnF6f0aV8lT89lqOsckOAjYY=
github.com/imfing/hextra v0.2.7 h1:/QLVOp+ENyKIeh9N6SkOYnRUiJqHrrQDXMIEQze3M8E=
github.com/imfing/hextra v0.2.7/go.mod h1:cEfel3lU/bSx7lTE/+uuR4GJaphyOyiwNR3PTqFTXpI=
